
Microsoft Visual Studio Solution File, Format Version 12.00
# Visual Studio 15
VisualStudioVersion = 15.0.26430.14
MinimumVisualStudioVersion = 10.0.40219.1
Project("{FAE04EC0-301F-11D3-BF4B-00C04F79EFBC}") = "CinemaAC", "CinemaAC\CinemaAC.csproj", "{2A1D4EB8-373E-4CB8-9A46-D1166F3F5A8A}"
EndProject
Project("{FAE04EC0-301F-11D3-BF4B-00C04F79EFBC}") = "ACAdapter", "ACAdapter\ACAdapter.csproj", "{792812D0-1E6F-46C5-885B-9FD974EE9931}"
EndProject
Project("{FAE04EC0-301F-11D3-BF4B-00C04F79EFBC}") = "ExtractDataService", "ExtractDataService\ExtractDataService.csproj", "{35CB99F6-0AC1-4926-B8E6-341D336E7AE1}"
EndProject
Project("{FAE04EC0-301F-11D3-BF4B-00C04F79EFBC}") = "TestService", "TestService\TestService.csproj", "{CA664230-0026-47C5-A2FE-6259ACAB9D91}"
EndProject
Global
	GlobalSection(SolutionConfigurationPlatforms) = preSolution
		Debug|Any CPU = Debug|Any CPU
		Release|Any CPU = Release|Any CPU
	EndGlobalSection
	GlobalSection(ProjectConfigurationPlatforms) = postSolution
		{2A1D4EB8-373E-4CB8-9A46-D1166F3F5A8A}.Debug|Any CPU.ActiveCfg = Debug|Any CPU
		{2A1D4EB8-373E-4CB8-9A46-D1166F3F5A8A}.Debug|Any CPU.Build.0 = Debug|Any CPU
		{2A1D4EB8-373E-4CB8-9A46-D1166F3F5A8A}.Release|Any CPU.ActiveCfg = Release|Any CPU
		{2A1D4EB8-373E-4CB8-9A46-D1166F3F5A8A}.Release|Any CPU.Build.0 = Release|Any CPU
		{792812D0-1E6F-46C5-885B-9FD974EE9931}.Debug|Any CPU.ActiveCfg = Debug|Any CPU
		{792812D0-1E6F-46C5-885B-9FD974EE9931}.Debug|Any CPU.Build.0 = Debug|Any CPU
		{792812D0-1E6F-46C5-885B-9FD974EE9931}.Release|Any CPU.ActiveCfg = Release|Any CPU
		{792812D0-1E6F-46C5-885B-9FD974EE9931}.Release|Any CPU.Build.0 = Release|Any CPU
		{35CB99F6-0AC1-4926-B8E6-341D336E7AE1}.Debug|Any CPU.ActiveCfg = Debug|Any CPU
		{35CB99F6-0AC1-4926-B8E6-341D336E7AE1}.Debug|Any CPU.Build.0 = Debug|Any CPU
		{35CB99F6-0AC1-4926-B8E6-341D336E7AE1}.Release|Any CPU.ActiveCfg = Release|Any CPU
		{35CB99F6-0AC1-4926-B8E6-341D336E7AE1}.Release|Any CPU.Build.0 = Release|Any CPU
		{CA664230-0026-47C5-A2FE-6259ACAB9D91}.Debug|Any CPU.ActiveCfg = Debug|Any CPU
		{CA664230-0026-47C5-A2FE-6259ACAB9D91}.Debug|Any CPU.Build.0 = Debug|Any CPU
		{CA664230-0026-47C5-A2FE-6259ACAB9D91}.Release|Any CPU.ActiveCfg = Release|Any CPU
		{CA664230-0026-47C5-A2FE-6259ACAB9D91}.Release|Any CPU.Build.0 = Release|Any CPU
	EndGlobalSection
	GlobalSection(SolutionProperties) = preSolution
		HideSolutionNode = FALSE
	EndGlobalSection
EndGlobal
